// !$*UTF8*$!
{
	archiveVersion = 1;
	classes = {
	};
	objectVersion = 46;
	objects = {

/* Begin PBXBuildFile section */
		491C1609FF85F8C73CE3075A /* Pods_ContatosIP67.framework in Frameworks */ = {isa = PBXBuildFile; fileRef = D80CA8C0AA60486DB84D72B7 /* Pods_ContatosIP67.framework */; };
		F409043A1F7D6E2D008623F0 /* CoreDataUtil.swift in Sources */ = {isa = PBXBuildFile; fileRef = F40904391F7D6E2D008623F0 /* CoreDataUtil.swift */; };
		F423C45F1F7D212B00F1A1B4 /* Vila Mariana.gpx in Resources */ = {isa = PBXBuildFile; fileRef = F423C45E1F7D212B00F1A1B4 /* Vila Mariana.gpx */; };
		F423C4611F7D29BE00F1A1B4 /* Podfile in Resources */ = {isa = PBXBuildFile; fileRef = F423C4601F7D29BE00F1A1B4 /* Podfile */; };
		F4810B421F7BD8F5001BA434 /* GerenciadorAcao.swift in Sources */ = {isa = PBXBuildFile; fileRef = F4810B411F7BD8F5001BA434 /* GerenciadorAcao.swift */; };
		F4810B481F7C2496001BA434 /* ContatoTableViewCell.swift in Sources */ = {isa = PBXBuildFile; fileRef = F4810B461F7C2496001BA434 /* ContatoTableViewCell.swift */; };
		F4810B491F7C2496001BA434 /* ContatoTableViewCell.xib in Resources */ = {isa = PBXBuildFile; fileRef = F4810B471F7C2496001BA434 /* ContatoTableViewCell.xib */; };
		F4810B4B1F7C2DEA001BA434 /* CelulaNutellaTableViewCell.swift in Sources */ = {isa = PBXBuildFile; fileRef = F4810B4A1F7C2DEA001BA434 /* CelulaNutellaTableViewCell.swift */; };
		F4810B4D1F7C3826001BA434 /* ContatosNoMapaViewController.swift in Sources */ = {isa = PBXBuildFile; fileRef = F4810B4C1F7C3826001BA434 /* ContatosNoMapaViewController.swift */; };
		F4B7875A1F7AD2DE00B4956B /* FormularioDelegate.swift in Sources */ = {isa = PBXBuildFile; fileRef = F4B787591F7AD2DE00B4956B /* FormularioDelegate.swift */; };
		F4C3F2151F7A975700B72F3C /* ListaContatosManualViewController.swift in Sources */ = {isa = PBXBuildFile; fileRef = F4C3F2141F7A975700B72F3C /* ListaContatosManualViewController.swift */; };
		F4C5B7331F7E7B6F006182E9 /* CondicaoViewController.swift in Sources */ = {isa = PBXBuildFile; fileRef = F4C5B7321F7E7B6F006182E9 /* CondicaoViewController.swift */; };
		F4C92B581F794914009F2DE1 /* AppDelegate.swift in Sources */ = {isa = PBXBuildFile; fileRef = F4C92B571F794914009F2DE1 /* AppDelegate.swift */; };
		F4C92B5A1F794914009F2DE1 /* ViewController.swift in Sources */ = {isa = PBXBuildFile; fileRef = F4C92B591F794914009F2DE1 /* ViewController.swift */; };
		F4C92B5D1F794914009F2DE1 /* Main.storyboard in Resources */ = {isa = PBXBuildFile; fileRef = F4C92B5B1F794914009F2DE1 /* Main.storyboard */; };
		F4C92B601F794914009F2DE1 /* ContatosIP67.xcdatamodeld in Sources */ = {isa = PBXBuildFile; fileRef = F4C92B5E1F794914009F2DE1 /* ContatosIP67.xcdatamodeld */; };
		F4C92B621F794914009F2DE1 /* Assets.xcassets in Resources */ = {isa = PBXBuildFile; fileRef = F4C92B611F794914009F2DE1 /* Assets.xcassets */; };
		F4C92B651F794914009F2DE1 /* LaunchScreen.storyboard in Resources */ = {isa = PBXBuildFile; fileRef = F4C92B631F794914009F2DE1 /* LaunchScreen.storyboard */; };
		F4C92B6D1F795976009F2DE1 /* Contato.swift in Sources */ = {isa = PBXBuildFile; fileRef = F4C92B6C1F795976009F2DE1 /* Contato.swift */; };
		F4C92B731F797BF5009F2DE1 /* ContatoRepository.swift in Sources */ = {isa = PBXBuildFile; fileRef = F4C92B721F797BF5009F2DE1 /* ContatoRepository.swift */; };
		F4C92B771F7982FD009F2DE1 /* ContatoObjC.m in Sources */ = {isa = PBXBuildFile; fileRef = F4C92B751F7982FD009F2DE1 /* ContatoObjC.m */; };
		F4C92B791F798CC5009F2DE1 /* ListaContatosTableViewController.swift in Sources */ = {isa = PBXBuildFile; fileRef = F4C92B781F798CC5009F2DE1 /* ListaContatosTableViewController.swift */; };
		F4E008A01F7EB712007EA81A /* Weather.swift in Sources */ = {isa = PBXBuildFile; fileRef = F4E0089F1F7EB712007EA81A /* Weather.swift */; };
/* End PBXBuildFile section */

/* Begin PBXFileReference section */
		0C7A6D16FECDDD86F4FE81E5 /* Pods-ContatosIP67.release.xcconfig */ = {isa = PBXFileReference; includeInIndex = 1; lastKnownFileType = text.xcconfig; name = "Pods-ContatosIP67.release.xcconfig"; path = "Pods/Target Support Files/Pods-ContatosIP67/Pods-ContatosIP67.release.xcconfig"; sourceTree = "<group>"; };
		7DE6642EFBC9AC141D7EEDBB /* Pods-ContatosIP67.debug.xcconfig */ = {isa = PBXFileReference; includeInIndex = 1; lastKnownFileType = text.xcconfig; name = "Pods-ContatosIP67.debug.xcconfig"; path = "Pods/Target Support Files/Pods-ContatosIP67/Pods-ContatosIP67.debug.xcconfig"; sourceTree = "<group>"; };
		D80CA8C0AA60486DB84D72B7 /* Pods_ContatosIP67.framework */ = {isa = PBXFileReference; explicitFileType = wrapper.framework; includeInIndex = 0; path = Pods_ContatosIP67.framework; sourceTree = BUILT_PRODUCTS_DIR; };
		F40904391F7D6E2D008623F0 /* CoreDataUtil.swift */ = {isa = PBXFileReference; fileEncoding = 4; lastKnownFileType = sourcecode.swift; path = CoreDataUtil.swift; sourceTree = "<group>"; };
		F423C45E1F7D212B00F1A1B4 /* Vila Mariana.gpx */ = {isa = PBXFileReference; fileEncoding = 4; lastKnownFileType = text.xml; name = "Vila Mariana.gpx"; path = "../Vila Mariana.gpx"; sourceTree = "<group>"; };
		F423C4601F7D29BE00F1A1B4 /* Podfile */ = {isa = PBXFileReference; fileEncoding = 4; lastKnownFileType = text; path = Podfile; sourceTree = "<group>"; xcLanguageSpecificationIdentifier = xcode.lang.ruby; };
		F4810B411F7BD8F5001BA434 /* GerenciadorAcao.swift */ = {isa = PBXFileReference; fileEncoding = 4; lastKnownFileType = sourcecode.swift; path = GerenciadorAcao.swift; sourceTree = "<group>"; };
		F4810B461F7C2496001BA434 /* ContatoTableViewCell.swift */ = {isa = PBXFileReference; fileEncoding = 4; lastKnownFileType = sourcecode.swift; path = ContatoTableViewCell.swift; sourceTree = "<group>"; };
		F4810B471F7C2496001BA434 /* ContatoTableViewCell.xib */ = {isa = PBXFileReference; fileEncoding = 4; lastKnownFileType = file.xib; path = ContatoTableViewCell.xib; sourceTree = "<group>"; };
		F4810B4A1F7C2DEA001BA434 /* CelulaNutellaTableViewCell.swift */ = {isa = PBXFileReference; fileEncoding = 4; lastKnownFileType = sourcecode.swift; path = CelulaNutellaTableViewCell.swift; sourceTree = "<group>"; };
		F4810B4C1F7C3826001BA434 /* ContatosNoMapaViewController.swift */ = {isa = PBXFileReference; fileEncoding = 4; lastKnownFileType = sourcecode.swift; path = ContatosNoMapaViewController.swift; sourceTree = "<group>"; };
		F4B787591F7AD2DE00B4956B /* FormularioDelegate.swift */ = {isa = PBXFileReference; fileEncoding = 4; lastKnownFileType = sourcecode.swift; path = FormularioDelegate.swift; sourceTree = "<group>"; };
		F4C3F2141F7A975700B72F3C /* ListaContatosManualViewController.swift */ = {isa = PBXFileReference; fileEncoding = 4; lastKnownFileType = sourcecode.swift; path = ListaContatosManualViewController.swift; sourceTree = "<group>"; };
		F4C5B7321F7E7B6F006182E9 /* CondicaoViewController.swift */ = {isa = PBXFileReference; fileEncoding = 4; lastKnownFileType = sourcecode.swift; path = CondicaoViewController.swift; sourceTree = "<group>"; };
		F4C92B541F794914009F2DE1 /* ContatosIP67.app */ = {isa = PBXFileReference; explicitFileType = wrapper.application; includeInIndex = 0; path = ContatosIP67.app; sourceTree = BUILT_PRODUCTS_DIR; };
		F4C92B571F794914009F2DE1 /* AppDelegate.swift */ = {isa = PBXFileReference; lastKnownFileType = sourcecode.swift; path = AppDelegate.swift; sourceTree = "<group>"; };
		F4C92B591F794914009F2DE1 /* ViewController.swift */ = {isa = PBXFileReference; lastKnownFileType = sourcecode.swift; path = ViewController.swift; sourceTree = "<group>"; };
		F4C92B5C1F794914009F2DE1 /* Base */ = {isa = PBXFileReference; lastKnownFileType = file.storyboard; name = Base; path = Base.lproj/Main.storyboard; sourceTree = "<group>"; };
		F4C92B5F1F794914009F2DE1 /* ContatosIP67.xcdatamodel */ = {isa = PBXFileReference; lastKnownFileType = wrapper.xcdatamodel; path = ContatosIP67.xcdatamodel; sourceTree = "<group>"; };
		F4C92B611F794914009F2DE1 /* Assets.xcassets */ = {isa = PBXFileReference; lastKnownFileType = folder.assetcatalog; path = Assets.xcassets; sourceTree = "<group>"; };
		F4C92B641F794914009F2DE1 /* Base */ = {isa = PBXFileReference; lastKnownFileType = file.storyboard; name = Base; path = Base.lproj/LaunchScreen.storyboard; sourceTree = "<group>"; };
		F4C92B661F794914009F2DE1 /* Info.plist */ = {isa = PBXFileReference; lastKnownFileType = text.plist.xml; path = Info.plist; sourceTree = "<group>"; };
		F4C92B6C1F795976009F2DE1 /* Contato.swift */ = {isa = PBXFileReference; fileEncoding = 4; lastKnownFileType = sourcecode.swift; path = Contato.swift; sourceTree = "<group>"; };
		F4C92B721F797BF5009F2DE1 /* ContatoRepository.swift */ = {isa = PBXFileReference; fileEncoding = 4; lastKnownFileType = sourcecode.swift; path = ContatoRepository.swift; sourceTree = "<group>"; };
		F4C92B741F7982FD009F2DE1 /* ContatoObjC.h */ = {isa = PBXFileReference; fileEncoding = 4; lastKnownFileType = sourcecode.c.h; path = ContatoObjC.h; sourceTree = "<group>"; };
		F4C92B751F7982FD009F2DE1 /* ContatoObjC.m */ = {isa = PBXFileReference; fileEncoding = 4; lastKnownFileType = sourcecode.c.objc; path = ContatoObjC.m; sourceTree = "<group>"; };
		F4C92B761F7982FD009F2DE1 /* ContatosIP67-Bridging-Header.h */ = {isa = PBXFileReference; fileEncoding = 4; lastKnownFileType = sourcecode.c.h; path = "ContatosIP67-Bridging-Header.h"; sourceTree = "<group>"; };
		F4C92B781F798CC5009F2DE1 /* ListaContatosTableViewController.swift */ = {isa = PBXFileReference; fileEncoding = 4; lastKnownFileType = sourcecode.swift; path = ListaContatosTableViewController.swift; sourceTree = "<group>"; };
		F4E0089F1F7EB712007EA81A /* Weather.swift */ = {isa = PBXFileReference; fileEncoding = 4; lastKnownFileType = sourcecode.swift; path = Weather.swift; sourceTree = "<group>"; };
/* End PBXFileReference section */

/* Begin PBXFrameworksBuildPhase section */
		F4C92B511F794913009F2DE1 /* Frameworks */ = {
			isa = PBXFrameworksBuildPhase;
			buildActionMask = 2147483647;
			files = (
				491C1609FF85F8C73CE3075A /* Pods_ContatosIP67.framework in Frameworks */,
			);
			runOnlyForDeploymentPostprocessing = 0;
		};
/* End PBXFrameworksBuildPhase section */

/* Begin PBXGroup section */
		354084A86416186F93B6B21E /* Frameworks */ = {
			isa = PBXGroup;
			children = (
				D80CA8C0AA60486DB84D72B7 /* Pods_ContatosIP67.framework */,
			);
			name = Frameworks;
			sourceTree = "<group>";
		};
		F4C92B4B1F794913009F2DE1 = {
			isa = PBXGroup;
			children = (
				F423C4601F7D29BE00F1A1B4 /* Podfile */,
				F4C92B561F794914009F2DE1 /* ContatosIP67 */,
				F4C92B551F794914009F2DE1 /* Products */,
				FF6561329F144B2670A4FD6C /* Pods */,
				354084A86416186F93B6B21E /* Frameworks */,
			);
			sourceTree = "<group>";
		};
		F4C92B551F794914009F2DE1 /* Products */ = {
			isa = PBXGroup;
			children = (
				F4C92B541F794914009F2DE1 /* ContatosIP67.app */,
			);
			name = Products;
			sourceTree = "<group>";
		};
		F4C92B561F794914009F2DE1 /* ContatosIP67 */ = {
			isa = PBXGroup;
			children = (
				F423C45E1F7D212B00F1A1B4 /* Vila Mariana.gpx */,
				F4C92B741F7982FD009F2DE1 /* ContatoObjC.h */,
				F4C92B751F7982FD009F2DE1 /* ContatoObjC.m */,
				F4C92B761F7982FD009F2DE1 /* ContatosIP67-Bridging-Header.h */,
				F4C92B571F794914009F2DE1 /* AppDelegate.swift */,
				F40904391F7D6E2D008623F0 /* CoreDataUtil.swift */,
				F4C92B591F794914009F2DE1 /* ViewController.swift */,
				F4B787591F7AD2DE00B4956B /* FormularioDelegate.swift */,
				F4C92B781F798CC5009F2DE1 /* ListaContatosTableViewController.swift */,
				F4C92B5B1F794914009F2DE1 /* Main.storyboard */,
				F4C5B7321F7E7B6F006182E9 /* CondicaoViewController.swift */,
				F4E0089F1F7EB712007EA81A /* Weather.swift */,
				F4810B4C1F7C3826001BA434 /* ContatosNoMapaViewController.swift */,
				F4810B4A1F7C2DEA001BA434 /* CelulaNutellaTableViewCell.swift */,
				F4810B461F7C2496001BA434 /* ContatoTableViewCell.swift */,
				F4810B471F7C2496001BA434 /* ContatoTableViewCell.xib */,
				F4C3F2141F7A975700B72F3C /* ListaContatosManualViewController.swift */,
				F4C92B611F794914009F2DE1 /* Assets.xcassets */,
				F4C92B631F794914009F2DE1 /* LaunchScreen.storyboard */,
				F4C92B661F794914009F2DE1 /* Info.plist */,
				F4C92B5E1F794914009F2DE1 /* ContatosIP67.xcdatamodeld */,
				F4C92B6C1F795976009F2DE1 /* Contato.swift */,
				F4C92B721F797BF5009F2DE1 /* ContatoRepository.swift */,
				F4810B411F7BD8F5001BA434 /* GerenciadorAcao.swift */,
			);
			path = ContatosIP67;
			sourceTree = "<group>";
		};
		FF6561329F144B2670A4FD6C /* Pods */ = {
			isa = PBXGroup;
			children = (
				7DE6642EFBC9AC141D7EEDBB /* Pods-ContatosIP67.debug.xcconfig */,
				0C7A6D16FECDDD86F4FE81E5 /* Pods-ContatosIP67.release.xcconfig */,
			);
			name = Pods;
			sourceTree = "<group>";
		};
/* End PBXGroup section */

/* Begin PBXNativeTarget section */
		F4C92B531F794913009F2DE1 /* ContatosIP67 */ = {
			isa = PBXNativeTarget;
			buildConfigurationList = F4C92B691F794914009F2DE1 /* Build configuration list for PBXNativeTarget "ContatosIP67" */;
			buildPhases = (
				3A2F22057A37AE40435B68AA /* [CP] Check Pods Manifest.lock */,
				F4C92B501F794913009F2DE1 /* Sources */,
				F4C92B511F794913009F2DE1 /* Frameworks */,
				F4C92B521F794913009F2DE1 /* Resources */,
				7C885D4386D9914FFA4D7C93 /* [CP] Embed Pods Frameworks */,
				4A28CBE733785011800725BB /* [CP] Copy Pods Resources */,
			);
			buildRules = (
			);
			dependencies = (
			);
			name = ContatosIP67;
			productName = ContatosIP67;
			productReference = F4C92B541F794914009F2DE1 /* ContatosIP67.app */;
			productType = "com.apple.product-type.application";
		};
/* End PBXNativeTarget section */

/* Begin PBXProject section */
		F4C92B4C1F794913009F2DE1 /* Project object */ = {
			isa = PBXProject;
			attributes = {
				LastSwiftUpdateCheck = 0800;
				LastUpgradeCheck = 0800;
				ORGANIZATIONNAME = fcrespo82;
				TargetAttributes = {
					F4C92B531F794913009F2DE1 = {
						CreatedOnToolsVersion = 8.0;
						LastSwiftMigration = 0800;
						ProvisioningStyle = Automatic;
					};
				};
			};
			buildConfigurationList = F4C92B4F1F794913009F2DE1 /* Build configuration list for PBXProject "ContatosIP67" */;
			compatibilityVersion = "Xcode 3.2";
			developmentRegion = English;
			hasScannedForEncodings = 0;
			knownRegions = (
				en,
				Base,
			);
			mainGroup = F4C92B4B1F794913009F2DE1;
			productRefGroup = F4C92B551F794914009F2DE1 /* Products */;
			projectDirPath = "";
			projectRoot = "";
			targets = (
				F4C92B531F794913009F2DE1 /* ContatosIP67 */,
			);
		};
/* End PBXProject section */

/* Begin PBXResourcesBuildPhase section */
		F4C92B521F794913009F2DE1 /* Resources */ = {
			isa = PBXResourcesBuildPhase;
			buildActionMask = 2147483647;
			files = (
				F423C4611F7D29BE00F1A1B4 /* Podfile in Resources */,
				F4810B491F7C2496001BA434 /* ContatoTableViewCell.xib in Resources */,
				F423C45F1F7D212B00F1A1B4 /* Vila Mariana.gpx in Resources */,
				F4C92B651F794914009F2DE1 /* LaunchScreen.storyboard in Resources */,
				F4C92B621F794914009F2DE1 /* Assets.xcassets in Resources */,
				F4C92B5D1F794914009F2DE1 /* Main.storyboard in Resources */,
			);
			runOnlyForDeploymentPostprocessing = 0;
		};
/* End PBXResourcesBuildPhase section */

/* Begin PBXShellScriptBuildPhase section */
		3A2F22057A37AE40435B68AA /* [CP] Check Pods Manifest.lock */ = {
			isa = PBXShellScriptBuildPhase;
			buildActionMask = 2147483647;
			files = (
			);
			inputPaths = (
				"${PODS_PODFILE_DIR_PATH}/Podfile.lock",
				"${PODS_ROOT}/Manifest.lock",
			);
			name = "[CP] Check Pods Manifest.lock";
			outputPaths = (
				"$(DERIVED_FILE_DIR)/Pods-ContatosIP67-checkManifestLockResult.txt",
			);
			runOnlyForDeploymentPostprocessing = 0;
			shellPath = /bin/sh;
			shellScript = "diff \"${PODS_PODFILE_DIR_PATH}/Podfile.lock\" \"${PODS_ROOT}/Manifest.lock\" > /dev/null\nif [ $? != 0 ] ; then\n    # print error to STDERR\n    echo \"error: The sandbox is not in sync with the Podfile.lock. Run 'pod install' or update your CocoaPods installation.\" >&2\n    exit 1\nfi\n# This output is used by Xcode 'outputs' to avoid re-running this script phase.\necho \"SUCCESS\" > \"${SCRIPT_OUTPUT_FILE_0}\"\n";
			showEnvVarsInLog = 0;
		};
		4A28CBE733785011800725BB /* [CP] Copy Pods Resources */ = {
			isa = PBXShellScriptBuildPhase;
			buildActionMask = 2147483647;
			files = (
			);
			inputPaths = (
			);
			name = "[CP] Copy Pods Resources";
			outputPaths = (
			);
			runOnlyForDeploymentPostprocessing = 0;
			shellPath = /bin/sh;
			shellScript = "\"${SRCROOT}/Pods/Target Support Files/Pods-ContatosIP67/Pods-ContatosIP67-resources.sh\"\n";
			showEnvVarsInLog = 0;
		};
		7C885D4386D9914FFA4D7C93 /* [CP] Embed Pods Frameworks */ = {
			isa = PBXShellScriptBuildPhase;
			buildActionMask = 2147483647;
			files = (
			);
			inputPaths = (
				"${SRCROOT}/Pods/Target Support Files/Pods-ContatosIP67/Pods-ContatosIP67-frameworks.sh",
				"${BUILT_PRODUCTS_DIR}/Alamofire/Alamofire.framework",
				"${BUILT_PRODUCTS_DIR}/AlamofireImage/AlamofireImage.framework",
				"${BUILT_PRODUCTS_DIR}/AlamofireObjectMapper/AlamofireObjectMapper.framework",
				"${BUILT_PRODUCTS_DIR}/ObjectMapper/ObjectMapper.framework",
				"${BUILT_PRODUCTS_DIR}/TPKeyboardAvoiding/TPKeyboardAvoiding.framework",
			);
			name = "[CP] Embed Pods Frameworks";
			outputPaths = (
				"${TARGET_BUILD_DIR}/${FRAMEWORKS_FOLDER_PATH}/Alamofire.framework",
				"${TARGET_BUILD_DIR}/${FRAMEWORKS_FOLDER_PATH}/AlamofireImage.framework",
				"${TARGET_BUILD_DIR}/${FRAMEWORKS_FOLDER_PATH}/AlamofireObjectMapper.framework",
				"${TARGET_BUILD_DIR}/${FRAMEWORKS_FOLDER_PATH}/ObjectMapper.framework",
				"${TARGET_BUILD_DIR}/${FRAMEWORKS_FOLDER_PATH}/TPKeyboardAvoiding.framework",
			);
			runOnlyForDeploymentPostprocessing = 0;
			shellPath = /bin/sh;
			shellScript = "\"${SRCROOT}/Pods/Target Support Files/Pods-ContatosIP67/Pods-ContatosIP67-frameworks.sh\"\n";
			showEnvVarsInLog = 0;
		};
/* End PBXShellScriptBuildPhase section */

/* Begin PBXSourcesBuildPhase section */
		F4C92B501F794913009F2DE1 /* Sources */ = {
			isa = PBXSourcesBuildPhase;
			buildActionMask = 2147483647;
			files = (
				F4B7875A1F7AD2DE00B4956B /* FormularioDelegate.swift in Sources */,
				F4810B481F7C2496001BA434 /* ContatoTableViewCell.swift in Sources */,
				F4C92B731F797BF5009F2DE1 /* ContatoRepository.swift in Sources */,
				F4C92B6D1F795976009F2DE1 /* Contato.swift in Sources */,
				F4810B421F7BD8F5001BA434 /* GerenciadorAcao.swift in Sources */,
				F4810B4D1F7C3826001BA434 /* ContatosNoMapaViewController.swift in Sources */,
				F4C5B7331F7E7B6F006182E9 /* CondicaoViewController.swift in Sources */,
				F4C92B5A1F794914009F2DE1 /* ViewController.swift in Sources */,
				F4E008A01F7EB712007EA81A /* Weather.swift in Sources */,
				F4810B4B1F7C2DEA001BA434 /* CelulaNutellaTableViewCell.swift in Sources */,
				F409043A1F7D6E2D008623F0 /* CoreDataUtil.swift in Sources */,
				F4C92B771F7982FD009F2DE1 /* ContatoObjC.m in Sources */,
				F4C92B601F794914009F2DE1 /* ContatosIP67.xcdatamodeld in Sources */,
				F4C92B791F798CC5009F2DE1 /* ListaContatosTableViewController.swift in Sources */,
				F4C92B581F794914009F2DE1 /* AppDelegate.swift in Sources */,
				F4C3F2151F7A975700B72F3C /* ListaContatosManualViewController.swift in Sources */,
			);
			runOnlyForDeploymentPostprocessing = 0;
		};
/* End PBXSourcesBuildPhase section */

/* Begin PBXVariantGroup section */
		F4C92B5B1F794914009F2DE1 /* Main.storyboard */ = {
			isa = PBXVariantGroup;
			children = (
				F4C92B5C1F794914009F2DE1 /* Base */,
			);
			name = Main.storyboard;
			sourceTree = "<group>";
		};
		F4C92B631F794914009F2DE1 /* LaunchScreen.storyboard */ = {
			isa = PBXVariantGroup;
			children = (
				F4C92B641F794914009F2DE1 /* Base */,
			);
			name = LaunchScreen.storyboard;
			sourceTree = "<group>";
		};
/* End PBXVariantGroup section */

/* Begin XCBuildConfiguration section */
		F4C92B671F794914009F2DE1 /* Debug */ = {
			isa = XCBuildConfiguration;
			buildSettings = {
				ALWAYS_SEARCH_USER_PATHS = NO;
				CLANG_ANALYZER_NONNULL = YES;
				CLANG_CXX_LANGUAGE_STANDARD = "gnu++0x";
				CLANG_CXX_LIBRARY = "libc++";
				CLANG_ENABLE_MODULES = YES;
				CLANG_ENABLE_OBJC_ARC = YES;
				CLANG_WARN_BOOL_CONVERSION = YES;
				CLANG_WARN_CONSTANT_CONVERSION = YES;
				CLANG_WARN_DIRECT_OBJC_ISA_USAGE = YES_ERROR;
				CLANG_WARN_DOCUMENTATION_COMMENTS = YES;
				CLANG_WARN_EMPTY_BODY = YES;
				CLANG_WARN_ENUM_CONVERSION = YES;
				CLANG_WARN_INFINITE_RECURSION = YES;
				CLANG_WARN_INT_CONVERSION = YES;
				CLANG_WARN_OBJC_ROOT_CLASS = YES_ERROR;
				CLANG_WARN_SUSPICIOUS_MOVE = YES;
				CLANG_WARN_SUSPICIOUS_MOVES = YES;
				CLANG_WARN_UNREACHABLE_CODE = YES;
				CLANG_WARN__DUPLICATE_METHOD_MATCH = YES;
				"CODE_SIGN_IDENTITY[sdk=iphoneos*]" = "iPhone Developer";
				COPY_PHASE_STRIP = NO;
				DEBUG_INFORMATION_FORMAT = dwarf;
				ENABLE_STRICT_OBJC_MSGSEND = YES;
				ENABLE_TESTABILITY = YES;
				GCC_C_LANGUAGE_STANDARD = gnu99;
				GCC_DYNAMIC_NO_PIC = NO;
				GCC_NO_COMMON_BLOCKS = YES;
				GCC_OPTIMIZATION_LEVEL = 0;
				GCC_PREPROCESSOR_DEFINITIONS = (
					"DEBUG=1",
					"$(inherited)",
				);
				GCC_WARN_64_TO_32_BIT_CONVERSION = YES;
				GCC_WARN_ABOUT_RETURN_TYPE = YES_ERROR;
				GCC_WARN_UNDECLARED_SELECTOR = YES;
				GCC_WARN_UNINITIALIZED_AUTOS = YES_AGGRESSIVE;
				GCC_WARN_UNUSED_FUNCTION = YES;
				GCC_WARN_UNUSED_VARIABLE = YES;
				IPHONEOS_DEPLOYMENT_TARGET = 10.0;
				MTL_ENABLE_DEBUG_INFO = YES;
				ONLY_ACTIVE_ARCH = YES;
				SDKROOT = iphoneos;
				SWIFT_ACTIVE_COMPILATION_CONDITIONS = DEBUG;
				SWIFT_OPTIMIZATION_LEVEL = "-Onone";
				TARGETED_DEVICE_FAMILY = "1,2";
			};
			name = Debug;
		};
		F4C92B681F794914009F2DE1 /* Release */ = {
			isa = XCBuildConfiguration;
			buildSettings = {
				ALWAYS_SEARCH_USER_PATHS = NO;
				CLANG_ANALYZER_NONNULL = YES;
				CLANG_CXX_LANGUAGE_STANDARD = "gnu++0x";
				CLANG_CXX_LIBRARY = "libc++";
				CLANG_ENABLE_MODULES = YES;
				CLANG_ENABLE_OBJC_ARC = YES;
				CLANG_WARN_BOOL_CONVERSION = YES;
				CLANG_WARN_CONSTANT_CONVERSION = YES;
				CLANG_WARN_DIRECT_OBJC_ISA_USAGE = YES_ERROR;
				CLANG_WARN_DOCUMENTATION_COMMENTS = YES;
				CLANG_WARN_EMPTY_BODY = YES;
				CLANG_WARN_ENUM_CONVERSION = YES;
				CLANG_WARN_INFINITE_RECURSION = YES;
				CLANG_WARN_INT_CONVERSION = YES;
				CLANG_WARN_OBJC_ROOT_CLASS = YES_ERROR;
				CLANG_WARN_SUSPICIOUS_MOVE = YES;
				CLANG_WARN_SUSPICIOUS_MOVES = YES;
				CLANG_WARN_UNREACHABLE_CODE = YES;
				CLANG_WARN__DUPLICATE_METHOD_MATCH = YES;
				"CODE_SIGN_IDENTITY[sdk=iphoneos*]" = "iPhone Developer";
				COPY_PHASE_STRIP = NO;
				DEBUG_INFORMATION_FORMAT = "dwarf-with-dsym";
				ENABLE_NS_ASSERTIONS = NO;
				ENABLE_STRICT_OBJC_MSGSEND = YES;
				GCC_C_LANGUAGE_STANDARD = gnu99;
				GCC_NO_COMMON_BLOCKS = YES;
				GCC_WARN_64_TO_32_BIT_CONVERSION = YES;
				GCC_WARN_ABOUT_RETURN_TYPE = YES_ERROR;
				GCC_WARN_UNDECLARED_SELECTOR = YES;
				GCC_WARN_UNINITIALIZED_AUTOS = YES_AGGRESSIVE;
				GCC_WARN_UNUSED_FUNCTION = YES;
				GCC_WARN_UNUSED_VARIABLE = YES;
				IPHONEOS_DEPLOYMENT_TARGET = 10.0;
				MTL_ENABLE_DEBUG_INFO = NO;
				SDKROOT = iphoneos;
				SWIFT_OPTIMIZATION_LEVEL = "-Owholemodule";
				TARGETED_DEVICE_FAMILY = "1,2";
				VALIDATE_PRODUCT = YES;
			};
			name = Release;
		};
		F4C92B6A1F794914009F2DE1 /* Debug */ = {
			isa = XCBuildConfiguration;
			baseConfigurationReference = 7DE6642EFBC9AC141D7EEDBB /* Pods-ContatosIP67.debug.xcconfig */;
			buildSettings = {
				ASSETCATALOG_COMPILER_APPICON_NAME = AppIcon;
				CLANG_ENABLE_MODULES = YES;
				INFOPLIST_FILE = ContatosIP67/Info.plist;
				LD_RUNPATH_SEARCH_PATHS = "$(inherited) @executable_path/Frameworks";
				PRODUCT_BUNDLE_IDENTIFIER = io.fcrespo82.ContatosIP67;
				PRODUCT_NAME = "$(TARGET_NAME)";
				SWIFT_OBJC_BRIDGING_HEADER = "ContatosIP67/ContatosIP67-Bridging-Header.h";
				SWIFT_OPTIMIZATION_LEVEL = "-Onone";
				SWIFT_VERSION = 3.0;
			};
			name = Debug;
		};
		F4C92B6B1F794914009F2DE1 /* Release */ = {
			isa = XCBuildConfiguration;
			baseConfigurationReference = 0C7A6D16FECDDD86F4FE81E5 /* Pods-ContatosIP67.release.xcconfig */;
			buildSettings = {
				ASSETCATALOG_COMPILER_APPICON_NAME = AppIcon;
				CLANG_ENABLE_MODULES = YES;
				INFOPLIST_FILE = ContatosIP67/Info.plist;
				LD_RUNPATH_SEARCH_PATHS = "$(inherited) @executable_path/Frameworks";
				PRODUCT_BUNDLE_IDENTIFIER = io.fcrespo82.ContatosIP67;
				PRODUCT_NAME = "$(TARGET_NAME)";
				SWIFT_OBJC_BRIDGING_HEADER = "ContatosIP67/ContatosIP67-Bridging-Header.h";
				SWIFT_VERSION = 3.0;
			};
			name = Release;
		};
/* End XCBuildConfiguration section */

/* Begin XCConfigurationList section */
		F4C92B4F1F794913009F2DE1 /* Build configuration list for PBXProject "ContatosIP67" */ = {
			isa = XCConfigurationList;
			buildConfigurations = (
				F4C92B671F794914009F2DE1 /* Debug */,
				F4C92B681F794914009F2DE1 /* Release */,
			);
			defaultConfigurationIsVisible = 0;
			defaultConfigurationName = Release;
		};
		F4C92B691F794914009F2DE1 /* Build configuration list for PBXNativeTarget "ContatosIP67" */ = {
			isa = XCConfigurationList;
			buildConfigurations = (
				F4C92B6A1F794914009F2DE1 /* Debug */,
				F4C92B6B1F794914009F2DE1 /* Release */,
			);
			defaultConfigurationIsVisible = 0;
			defaultConfigurationName = Release;
		};
/* End XCConfigurationList section */

/* Begin XCVersionGroup section */
		F4C92B5E1F794914009F2DE1 /* ContatosIP67.xcdatamodeld */ = {
			isa = XCVersionGroup;
			children = (
				F4C92B5F1F794914009F2DE1 /* ContatosIP67.xcdatamodel */,
			);
			currentVersion = F4C92B5F1F794914009F2DE1 /* ContatosIP67.xcdatamodel */;
			path = ContatosIP67.xcdatamodeld;
			sourceTree = "<group>";
			versionGroupType = wrapper.xcdatamodel;
		};
/* End XCVersionGroup section */
	};
	rootObject = F4C92B4C1F794913009F2DE1 /* Project object */;
}
